
Microsoft Visual Studio Solution File, Format Version 12.00
# Visual Studio 14
VisualStudioVersion = 14.0.25420.1
MinimumVisualStudioVersion = 10.0.40219.1
Project("{FAE04EC0-301F-11D3-BF4B-00C04F79EFBC}") = "Common.Feature.CheckPasswordExpiration", "CheckPasswordExpiration\Common.Feature.CheckPasswordExpiration.csproj", "{82042685-9ED2-4FF9-B0D9-2354FB7780F6}"
EndProject
Project("{2150E333-8FDC-42A3-9474-1A3956D46DE8}") = "Feature", "Feature", "{5BABA5A3-2106-4AC2-818F-D1AA4DE90EBD}"
EndProject
Project("{2150E333-8FDC-42A3-9474-1A3956D46DE8}") = "CheckPasswordExpiration", "CheckPasswordExpiration", "{C2EF66C2-7374-4321-BACF-C95F507F2704}"
EndProject
Global
	GlobalSection(SolutionConfigurationPlatforms) = preSolution
		Debug|Any CPU = Debug|Any CPU
		Release|Any CPU = Release|Any CPU
	EndGlobalSection
	GlobalSection(ProjectConfigurationPlatforms) = postSolution
		{82042685-9ED2-4FF9-B0D9-2354FB7780F6}.Debug|Any CPU.ActiveCfg = Debug|Any CPU
		{82042685-9ED2-4FF9-B0D9-2354FB7780F6}.Debug|Any CPU.Build.0 = Debug|Any CPU
		{82042685-9ED2-4FF9-B0D9-2354FB7780F6}.Release|Any CPU.ActiveCfg = Release|Any CPU
		{82042685-9ED2-4FF9-B0D9-2354FB7780F6}.Release|Any CPU.Build.0 = Release|Any CPU
	EndGlobalSection
	GlobalSection(SolutionProperties) = preSolution
		HideSolutionNode = FALSE
	EndGlobalSection
	GlobalSection(NestedProjects) = preSolution
		{82042685-9ED2-4FF9-B0D9-2354FB7780F6} = {C2EF66C2-7374-4321-BACF-C95F507F2704}
		{C2EF66C2-7374-4321-BACF-C95F507F2704} = {5BABA5A3-2106-4AC2-818F-D1AA4DE90EBD}
	EndGlobalSection
EndGlobal
